repo=https://github.com/OpenCPN/OpenCPN
path=data/s57data
commit=81ec5a47adb837b9c97be843db89b30d13393777

[manifest]
S52RAZDS.RLE=79c122508612a00c4d8d133a415660ed896f86234175387967618351bed7086b
attdecode.csv=a619d27e1fda430650b805208fa096da859fc6224d447e53af8a5a7068ceba8d
chartsymbols.xml=a8b3c647825030237e90d71a239e58c757c943ba99e24e76bd6e92203ff7047f
rastersymbols-day.png=ee1020a8b94b312faba8c146974e49147d280e5ef3cc13f3cd688bbfd54dde0c
s57attributes.csv=c8404526ae1d675202d5ea8a4ef3ae634f348609eb47c5aa55f088e7a377483e
s57objectclasses.csv=9feaddb6b37710a9b202cbe235f3e264b955a4bdb329d717cb54dafa38b7e7ec
